
Microsoft Visual Studio Solution File, Format Version 12.00
# Visual Studio Version 17
VisualStudioVersion = 17.6.33723.286
MinimumVisualStudioVersion = 10.0.40219.1
Project("{FAE04EC0-301F-11D3-BF4B-00C04F79EFBC}") = "AOPExample", "AOPExample\AOPExample.csproj", "{C72D8109-889D-42C3-B2A2-C4A415C4AFB6}"
EndProject
Project("{FAE04EC0-301F-11D3-BF4B-00C04F79EFBC}") = "CoreMvcExample", "CoreMvcExample\CoreMvcExample.csproj", "{1F4AE4A2-9629-4881-BEC8-468BABABDE74}"
EndProject
Project("{FAE04EC0-301F-11D3-BF4B-00C04F79EFBC}") = "AOP.Business", "AOP.Business\AOP.Business.csproj", "{3FDB0E47-DE42-46A3-9ACD-B7BD51276B01}"
EndProject
Global
	GlobalSection(SolutionConfigurationPlatforms) = preSolution
		Debug|Any CPU = Debug|Any CPU
		Release|Any CPU = Release|Any CPU
	EndGlobalSection
	GlobalSection(ProjectConfigurationPlatforms) = postSolution
		{C72D8109-889D-42C3-B2A2-C4A415C4AFB6}.Debug|Any CPU.ActiveCfg = Debug|Any CPU
		{C72D8109-889D-42C3-B2A2-C4A415C4AFB6}.Debug|Any CPU.Build.0 = Debug|Any CPU
		{C72D8109-889D-42C3-B2A2-C4A415C4AFB6}.Release|Any CPU.ActiveCfg = Release|Any CPU
		{C72D8109-889D-42C3-B2A2-C4A415C4AFB6}.Release|Any CPU.Build.0 = Release|Any CPU
		{1F4AE4A2-9629-4881-BEC8-468BABABDE74}.Debug|Any CPU.ActiveCfg = Debug|Any CPU
		{1F4AE4A2-9629-4881-BEC8-468BABABDE74}.Debug|Any CPU.Build.0 = Debug|Any CPU
		{1F4AE4A2-9629-4881-BEC8-468BABABDE74}.Release|Any CPU.ActiveCfg = Release|Any CPU
		{1F4AE4A2-9629-4881-BEC8-468BABABDE74}.Release|Any CPU.Build.0 = Release|Any CPU
		{3FDB0E47-DE42-46A3-9ACD-B7BD51276B01}.Debug|Any CPU.ActiveCfg = Debug|Any CPU
		{3FDB0E47-DE42-46A3-9ACD-B7BD51276B01}.Debug|Any CPU.Build.0 = Debug|Any CPU
		{3FDB0E47-DE42-46A3-9ACD-B7BD51276B01}.Release|Any CPU.ActiveCfg = Release|Any CPU
		{3FDB0E47-DE42-46A3-9ACD-B7BD51276B01}.Release|Any CPU.Build.0 = Release|Any CPU
	EndGlobalSection
	GlobalSection(SolutionProperties) = preSolution
		HideSolutionNode = FALSE
	EndGlobalSection
	GlobalSection(ExtensibilityGlobals) = postSolution
		SolutionGuid = {D5D84125-94CD-4E01-BEEF-1954B27DA22B}
	EndGlobalSection
EndGlobal
